{
  "requires": true,
  "lockfileVersion": 1,
  "dependencies": {
    "ngx-infinite-scroll": {
      "version": "8.0.0",
      "resolved": "https://registry.npmjs.org/ngx-infinite-scroll/-/ngx-infinite-scroll-8.0.0.tgz",
      "integrity": "sha512-9KRCFAszLttd735CY1GbqtiVRdEvAGWUL8FQqD+iBGitbhgws4OZS+qdKIV+lrJzYXh+Y2XnOOSiUFADOo4+fQ==",
      "requires": {
        "opencollective-postinstall": "^2.0.2"
      }
    },
    "opencollective-postinstall": {
      "version": "2.0.2",
      "resolved": "https://registry.npmjs.org/opencollective-postinstall/-/opencollective-postinstall-2.0.2.tgz",
      "integrity": "sha512-pVOEP16TrAO2/fjej1IdOyupJY8KDUM1CvsaScRbw6oddvpQoOfGk4ywha0HKKVAD6RkW4x6Q+tNBwhf3Bgpuw=="
    }
  }
}
